
Microsoft Visual Studio Solution File, Format Version 12.00
# Visual Studio Version 17
VisualStudioVersion = 17.10.35027.167
MinimumVisualStudioVersion = 10.0.40219.1
Project("{FAE04EC0-301F-11D3-BF4B-00C04F79EFBC}") = "DiscountSvc-Provider", "DiscountSvc-Provider\DiscountSvc-Provider.csproj", "{6B681797-00F9-49B7-9AB2-84FC7D01D905}"
EndProject
Global
	GlobalSection(SolutionConfigurationPlatforms) = preSolution
		Debug|Any CPU = Debug|Any CPU
		Release|Any CPU = Release|Any CPU
	EndGlobalSection
	GlobalSection(ProjectConfigurationPlatforms) = postSolution
		{6B681797-00F9-49B7-9AB2-84FC7D01D905}.Debug|Any CPU.ActiveCfg = Debug|Any CPU
		{6B681797-00F9-49B7-9AB2-84FC7D01D905}.Debug|Any CPU.Build.0 = Debug|Any CPU
		{6B681797-00F9-49B7-9AB2-84FC7D01D905}.Release|Any CPU.ActiveCfg = Release|Any CPU
		{6B681797-00F9-49B7-9AB2-84FC7D01D905}.Release|Any CPU.Build.0 = Release|Any CPU
	EndGlobalSection
	GlobalSection(SolutionProperties) = preSolution
		HideSolutionNode = FALSE
	EndGlobalSection
	GlobalSection(ExtensibilityGlobals) = postSolution
		SolutionGuid = {0E75B3BB-1979-426C-9218-79C6C5D6A66D}
	EndGlobalSection
EndGlobal
